Microsoft Visual Studio Solution File, Format Version 11.00
# Visual Studio 2008

Project("{3E34DDB3-3240-5978-C15E-6FCDA7B4DB9C}") = "DoTween Demo", "Assembly-CSharp.csproj", "{7E7A0F68-CB2A-BD3C-F32E-90DF5456F4FA}"
EndProject
Project("{3E34DDB3-3240-5978-C15E-6FCDA7B4DB9C}") = "DoTween Demo", "Assembly-CSharp-Editor.csproj", "{75DC3011-EDC1-670A-C56E-D61AFAB7051B}"
EndProject
Global
	GlobalSection(SolutionConfigurationPlatforms) = preSolution
		Debug|Any CPU = Debug|Any CPU
		Release|Any CPU = Release|Any CPU
	EndGlobalSection
	GlobalSection(ProjectConfigurationPlatforms) = postSolution
		{7E7A0F68-CB2A-BD3C-F32E-90DF5456F4FA}.Debug|Any CPU.ActiveCfg = Debug|Any CPU
		{7E7A0F68-CB2A-BD3C-F32E-90DF5456F4FA}.Debug|Any CPU.Build.0 = Debug|Any CPU
		{7E7A0F68-CB2A-BD3C-F32E-90DF5456F4FA}.Release|Any CPU.ActiveCfg = Release|Any CPU
		{7E7A0F68-CB2A-BD3C-F32E-90DF5456F4FA}.Release|Any CPU.Build.0 = Release|Any CPU
		{75DC3011-EDC1-670A-C56E-D61AFAB7051B}.Debug|Any CPU.ActiveCfg = Debug|Any CPU
		{75DC3011-EDC1-670A-C56E-D61AFAB7051B}.Debug|Any CPU.Build.0 = Debug|Any CPU
		{75DC3011-EDC1-670A-C56E-D61AFAB7051B}.Release|Any CPU.ActiveCfg = Release|Any CPU
		{75DC3011-EDC1-670A-C56E-D61AFAB7051B}.Release|Any CPU.Build.0 = Release|Any CPU
	EndGlobalSection
	GlobalSection(SolutionProperties) = preSolution
		HideSolutionNode = FALSE
	EndGlobalSection
																		GlobalSection(MonoDevelopProperties) = preSolution
		StartupItem = Assembly-CSharp.csproj
		Policies = $0
		$0.TextStylePolicy = $1
		$1.inheritsSet = null
		$1.scope = text/x-csharp
		$0.CSharpFormattingPolicy = $2
		$2.inheritsSet = Mono
		$2.inheritsScope = text/x-csharp
		$2.scope = text/x-csharp
		$0.TextStylePolicy = $3
		$3.FileWidth = 120
		$3.TabWidth = 4
		$3.IndentWidth = 4
		$3.EolMarker = Unix
		$3.inheritsSet = Mono
		$3.inheritsScope = text/plain
		$3.scope = text/plain
	EndGlobalSection

EndGlobal
